// !$*UTF8*$!
{
	archiveVersion = 1;
	classes = {
	};
	objectVersion = 56;
	objects = {

/* Begin PBXBuildFile section */
		4C1C38E62B1E0B7E00839663 /* AddTatekaeView.swift in Sources */ = {isa = PBXBuildFile; fileRef = 4C1C38E52B1E0B7E00839663 /* AddTatekaeView.swift */; };
		4C1C38E82B1F01BF00839663 /* TatekaeDetailView.swift in Sources */ = {isa = PBXBuildFile; fileRef = 4C1C38E72B1F01BF00839663 /* TatekaeDetailView.swift */; };
		4C228AD12AFA861B00FE4F35 /* RouletteApp.swift in Sources */ = {isa = PBXBuildFile; fileRef = 4C228AD02AFA861B00FE4F35 /* RouletteApp.swift */; };
		4C228AD32AFA861B00FE4F35 /* ContentView.swift in Sources */ = {isa = PBXBuildFile; fileRef = 4C228AD22AFA861B00FE4F35 /* ContentView.swift */; };
		4C228AD52AFA861D00FE4F35 /* Assets.xcassets in Resources */ = {isa = PBXBuildFile; fileRef = 4C228AD42AFA861D00FE4F35 /* Assets.xcassets */; };
		4C228AD82AFA861D00FE4F35 /* Preview Assets.xcassets in Resources */ = {isa = PBXBuildFile; fileRef = 4C228AD72AFA861D00FE4F35 /* Preview Assets.xcassets */; };
		4C2518092B12104900965D43 /* Member.swift in Sources */ = {isa = PBXBuildFile; fileRef = 4C2518082B12104900965D43 /* Member.swift */; };
		4C25180C2B12108000965D43 /* WarikanGroup.swift in Sources */ = {isa = PBXBuildFile; fileRef = 4C25180B2B12108000965D43 /* WarikanGroup.swift */; };
		4C25180E2B12108D00965D43 /* Tatekae.swift in Sources */ = {isa = PBXBuildFile; fileRef = 4C25180D2B12108D00965D43 /* Tatekae.swift */; };
		4C30C3732B2AF8400040F9B2 /* ArchivedSeisanResultView.swift in Sources */ = {isa = PBXBuildFile; fileRef = 4C30C3722B2AF8400040F9B2 /* ArchivedSeisanResultView.swift */; };
		4C3EB2C82B1DE4A600423444 /* GroupListView.swift in Sources */ = {isa = PBXBuildFile; fileRef = 4C3EB2C72B1DE4A600423444 /* GroupListView.swift */; };
		4C3EB2CA2B1DE4CA00423444 /* ArchiveView.swift in Sources */ = {isa = PBXBuildFile; fileRef = 4C3EB2C92B1DE4CA00423444 /* ArchiveView.swift */; };
		4C3EB2CC2B1DE63600423444 /* ViewRouter.swift in Sources */ = {isa = PBXBuildFile; fileRef = 4C3EB2CB2B1DE63600423444 /* ViewRouter.swift */; };
		4C3EB2CE2B1DEA9F00423444 /* AddGroupView.swift in Sources */ = {isa = PBXBuildFile; fileRef = 4C3EB2CD2B1DEA9F00423444 /* AddGroupView.swift */; };
		4C3EB2D02B1DEE5100423444 /* TatekaeListView.swift in Sources */ = {isa = PBXBuildFile; fileRef = 4C3EB2CF2B1DEE5100423444 /* TatekaeListView.swift */; };
		4C65282B2B220231000E8130 /* LongStyle.swift in Sources */ = {isa = PBXBuildFile; fileRef = 4C65282A2B220231000E8130 /* LongStyle.swift */; };
		4C6528382B220D01000E8130 /* GroupListViewModel.swift in Sources */ = {isa = PBXBuildFile; fileRef = 4C6528372B220D01000E8130 /* GroupListViewModel.swift */; };
		4C65283A2B220D3C000E8130 /* ContentViewModel.swift in Sources */ = {isa = PBXBuildFile; fileRef = 4C6528392B220D3C000E8130 /* ContentViewModel.swift */; };
		4C65283C2B220D58000E8130 /* AddGroupViewModel.swift in Sources */ = {isa = PBXBuildFile; fileRef = 4C65283B2B220D58000E8130 /* AddGroupViewModel.swift */; };
		4C65283E2B220D6F000E8130 /* TatekaeListViewModel.swift in Sources */ = {isa = PBXBuildFile; fileRef = 4C65283D2B220D6F000E8130 /* TatekaeListViewModel.swift */; };
		4C6528402B220D80000E8130 /* AddTatekaeViewModel.swift in Sources */ = {isa = PBXBuildFile; fileRef = 4C65283F2B220D80000E8130 /* AddTatekaeViewModel.swift */; };
		4C6528422B220D95000E8130 /* TatekaeDetailViewModel.swift in Sources */ = {isa = PBXBuildFile; fileRef = 4C6528412B220D95000E8130 /* TatekaeDetailViewModel.swift */; };
		4C6528442B220DA3000E8130 /* ConfirmViewModel.swift in Sources */ = {isa = PBXBuildFile; fileRef = 4C6528432B220DA3000E8130 /* ConfirmViewModel.swift */; };
		4C6528462B220DB3000E8130 /* RouletteViewModel.swift in Sources */ = {isa = PBXBuildFile; fileRef = 4C6528452B220DB3000E8130 /* RouletteViewModel.swift */; };
		4C6528482B220DC9000E8130 /* RouletteResultViewModel.swift in Sources */ = {isa = PBXBuildFile; fileRef = 4C6528472B220DC9000E8130 /* RouletteResultViewModel.swift */; };
		4C65284A2B220DD9000E8130 /* SeisanResultViewModel.swift in Sources */ = {isa = PBXBuildFile; fileRef = 4C6528492B220DD9000E8130 /* SeisanResultViewModel.swift */; };
		4C65284C2B220DEB000E8130 /* ArchiveViewModel.swift in Sources */ = {isa = PBXBuildFile; fileRef = 4C65284B2B220DEB000E8130 /* ArchiveViewModel.swift */; };
		4CA486312B206001009231FA /* AddButton.swift in Sources */ = {isa = PBXBuildFile; fileRef = 4CA486302B206001009231FA /* AddButton.swift */; };
		69D8F3E62B1E011A00B24D4E /* ConfirmView.swift in Sources */ = {isa = PBXBuildFile; fileRef = 69D8F3E52B1E011A00B24D4E /* ConfirmView.swift */; };
		69D8F3EA2B1F478500B24D4E /* RouletteView.swift in Sources */ = {isa = PBXBuildFile; fileRef = 69D8F3E92B1F478500B24D4E /* RouletteView.swift */; };
		69D8F3EC2B1F4AC100B24D4E /* RouletteResultView.swift in Sources */ = {isa = PBXBuildFile; fileRef = 69D8F3EB2B1F4AC100B24D4E /* RouletteResultView.swift */; };
		69D8F3EE2B1F4ACE00B24D4E /* SeisanResultView.swift in Sources */ = {isa = PBXBuildFile; fileRef = 69D8F3ED2B1F4ACE00B24D4E /* SeisanResultView.swift */; };
		A600912F2B2298B6005C6535 /* ArchivedWarikanGroup.swift in Sources */ = {isa = PBXBuildFile; fileRef = A600912E2B2298B6005C6535 /* ArchivedWarikanGroup.swift */; };
		A60091312B229D67005C6535 /* ArchivedWarikanGroupRepositoryProtocol.swift in Sources */ = {isa = PBXBuildFile; fileRef = A60091302B229D67005C6535 /* ArchivedWarikanGroupRepositoryProtocol.swift */; };
		A60091332B22A05D005C6535 /* WarikanGroupArchiveController.swift in Sources */ = {isa = PBXBuildFile; fileRef = A60091322B22A05D005C6535 /* WarikanGroupArchiveController.swift */; };
		A60091352B22B857005C6535 /* ArchivedWarikanGroupUseCase.swift in Sources */ = {isa = PBXBuildFile; fileRef = A60091342B22B857005C6535 /* ArchivedWarikanGroupUseCase.swift */; };
		A627DBBD2B25F37800F1C451 /* SeisanCalculatorTests.swift in Sources */ = {isa = PBXBuildFile; fileRef = A627DBBC2B25F37800F1C451 /* SeisanCalculatorTests.swift */; };
		A67FE31A2B1337FA00E10FFB /* SeisanCalculator.swift in Sources */ = {isa = PBXBuildFile; fileRef = A67FE3192B1337FA00E10FFB /* SeisanCalculator.swift */; };
		A67FE31D2B1338A900E10FFB /* Extensions.swift in Sources */ = {isa = PBXBuildFile; fileRef = A67FE31C2B1338A900E10FFB /* Extensions.swift */; };
		A67FE3242B14657400E10FFB /* WarikanGroupUseCase.swift in Sources */ = {isa = PBXBuildFile; fileRef = A67FE3232B14657400E10FFB /* WarikanGroupUseCase.swift */; };
		A67FE32B2B14778900E10FFB /* WarikanGroupRepository.swift in Sources */ = {isa = PBXBuildFile; fileRef = A67FE32A2B14778900E10FFB /* WarikanGroupRepository.swift */; };
		A67FE32D2B1549F300E10FFB /* WarikanGroupRepositoryProtocol.swift in Sources */ = {isa = PBXBuildFile; fileRef = A67FE32C2B1549F300E10FFB /* WarikanGroupRepositoryProtocol.swift */; };
		A67FE32F2B154B5C00E10FFB /* InMemoryWarikanGroupRepository.swift in Sources */ = {isa = PBXBuildFile; fileRef = A67FE32E2B154B5C00E10FFB /* InMemoryWarikanGroupRepository.swift */; };
		A67FE33E2B19679400E10FFB /* Seisan.swift in Sources */ = {isa = PBXBuildFile; fileRef = A67FE33D2B19679400E10FFB /* Seisan.swift */; };
		A67FE3402B1C345D00E10FFB /* EntityID.swift in Sources */ = {isa = PBXBuildFile; fileRef = A67FE33F2B1C345D00E10FFB /* EntityID.swift */; };
		A67FE3462B1C651E00E10FFB /* MemberRepositoryProtocol.swift in Sources */ = {isa = PBXBuildFile; fileRef = A67FE3452B1C651E00E10FFB /* MemberRepositoryProtocol.swift */; };
		A67FE3482B1C656500E10FFB /* MemberUseCase.swift in Sources */ = {isa = PBXBuildFile; fileRef = A67FE3472B1C656500E10FFB /* MemberUseCase.swift */; };
		A67FE3512B1C906D00E10FFB /* TatekaeRepositoryProtocol.swift in Sources */ = {isa = PBXBuildFile; fileRef = A67FE3502B1C906D00E10FFB /* TatekaeRepositoryProtocol.swift */; };
		A67FE3532B1C923A00E10FFB /* TatekaeUseCase.swift in Sources */ = {isa = PBXBuildFile; fileRef = A67FE3522B1C923A00E10FFB /* TatekaeUseCase.swift */; };
		A67FE3552B1C98D700E10FFB /* InMemoryMemberRepository.swift in Sources */ = {isa = PBXBuildFile; fileRef = A67FE3542B1C98D700E10FFB /* InMemoryMemberRepository.swift */; };
		A67FE3572B1C98F600E10FFB /* InMemoryTatekaeRepository.swift in Sources */ = {isa = PBXBuildFile; fileRef = A67FE3562B1C98F600E10FFB /* InMemoryTatekaeRepository.swift */; };
		A67FE3592B1C9A8B00E10FFB /* ValidationError.swift in Sources */ = {isa = PBXBuildFile; fileRef = A67FE3582B1C9A8B00E10FFB /* ValidationError.swift */; };
		A67FE35B2B1CA2F300E10FFB /* DebtState.swift in Sources */ = {isa = PBXBuildFile; fileRef = A67FE35A2B1CA2F300E10FFB /* DebtState.swift */; };
		A67FE35F2B21D1A600E10FFB /* MemberRepository.swift in Sources */ = {isa = PBXBuildFile; fileRef = A67FE35E2B21D1A600E10FFB /* MemberRepository.swift */; };
		A67FE3612B21D4D100E10FFB /* TatekaeRepository.swift in Sources */ = {isa = PBXBuildFile; fileRef = A67FE3602B21D4D000E10FFB /* TatekaeRepository.swift */; };
		A695B6182B34555D0059B78D /* SeisanData.swift in Sources */ = {isa = PBXBuildFile; fileRef = A695B6172B34555D0059B78D /* SeisanData.swift */; };
		A695B61D2B345A000059B78D /* ArchivedWarikanGroupData.swift in Sources */ = {isa = PBXBuildFile; fileRef = A695B61C2B345A000059B78D /* ArchivedWarikanGroupData.swift */; };
		A695B6212B34633C0059B78D /* MapToDataExtensions.swift in Sources */ = {isa = PBXBuildFile; fileRef = A695B6202B34633C0059B78D /* MapToDataExtensions.swift */; };
		A695B6282B3475050059B78D /* MapToEntityExtensions.swift in Sources */ = {isa = PBXBuildFile; fileRef = A695B6272B3475050059B78D /* MapToEntityExtensions.swift */; };
/* End PBXBuildFile section */

/* Begin PBXContainerItemProxy section */
		A627DBB72B25F36200F1C451 /* PBXContainerItemProxy */ = {
			isa = PBXContainerItemProxy;
			containerPortal = 4C228AC52AFA861B00FE4F35 /* Project object */;
			proxyType = 1;
			remoteGlobalIDString = 4C228ACC2AFA861B00FE4F35;
			remoteInfo = Roulette;
		};
/* End PBXContainerItemProxy section */

/* Begin PBXFileReference section */
		4C1C38E52B1E0B7E00839663 /* AddTatekaeView.swift */ = {isa = PBXFileReference; lastKnownFileType = sourcecode.swift; path = AddTatekaeView.swift; sourceTree = "<group>"; };
		4C1C38E72B1F01BF00839663 /* TatekaeDetailView.swift */ = {isa = PBXFileReference; lastKnownFileType = sourcecode.swift; path = TatekaeDetailView.swift; sourceTree = "<group>"; };
		4C228ACD2AFA861B00FE4F35 /* Roulette.app */ = {isa = PBXFileReference; explicitFileType = wrapper.application; includeInIndex = 0; path = Roulette.app; sourceTree = BUILT_PRODUCTS_DIR; };
		4C228AD02AFA861B00FE4F35 /* RouletteApp.swift */ = {isa = PBXFileReference; lastKnownFileType = sourcecode.swift; path = RouletteApp.swift; sourceTree = "<group>"; };
		4C228AD22AFA861B00FE4F35 /* ContentView.swift */ = {isa = PBXFileReference; lastKnownFileType = sourcecode.swift; path = ContentView.swift; sourceTree = "<group>"; };
		4C228AD42AFA861D00FE4F35 /* Assets.xcassets */ = {isa = PBXFileReference; lastKnownFileType = folder.assetcatalog; path = Assets.xcassets; sourceTree = "<group>"; };
		4C228AD72AFA861D00FE4F35 /* Preview Assets.xcassets */ = {isa = PBXFileReference; lastKnownFileType = folder.assetcatalog; path = "Preview Assets.xcassets"; sourceTree = "<group>"; };
		4C2518082B12104900965D43 /* Member.swift */ = {isa = PBXFileReference; lastKnownFileType = sourcecode.swift; path = Member.swift; sourceTree = "<group>"; };
		4C25180B2B12108000965D43 /* WarikanGroup.swift */ = {isa = PBXFileReference; lastKnownFileType = sourcecode.swift; path = WarikanGroup.swift; sourceTree = "<group>"; };
		4C25180D2B12108D00965D43 /* Tatekae.swift */ = {isa = PBXFileReference; lastKnownFileType = sourcecode.swift; path = Tatekae.swift; sourceTree = "<group>"; };
		4C30C3722B2AF8400040F9B2 /* ArchivedSeisanResultView.swift */ = {isa = PBXFileReference; lastKnownFileType = sourcecode.swift; path = ArchivedSeisanResultView.swift; sourceTree = "<group>"; };
		4C3EB2C72B1DE4A600423444 /* GroupListView.swift */ = {isa = PBXFileReference; lastKnownFileType = sourcecode.swift; path = GroupListView.swift; sourceTree = "<group>"; };
		4C3EB2C92B1DE4CA00423444 /* ArchiveView.swift */ = {isa = PBXFileReference; lastKnownFileType = sourcecode.swift; path = ArchiveView.swift; sourceTree = "<group>"; };
		4C3EB2CB2B1DE63600423444 /* ViewRouter.swift */ = {isa = PBXFileReference; lastKnownFileType = sourcecode.swift; path = ViewRouter.swift; sourceTree = "<group>"; };
		4C3EB2CD2B1DEA9F00423444 /* AddGroupView.swift */ = {isa = PBXFileReference; lastKnownFileType = sourcecode.swift; path = AddGroupView.swift; sourceTree = "<group>"; };
		4C3EB2CF2B1DEE5100423444 /* TatekaeListView.swift */ = {isa = PBXFileReference; lastKnownFileType = sourcecode.swift; path = TatekaeListView.swift; sourceTree = "<group>"; };
		4C65282A2B220231000E8130 /* LongStyle.swift */ = {isa = PBXFileReference; lastKnownFileType = sourcecode.swift; path = LongStyle.swift; sourceTree = "<group>"; };
		4C6528372B220D01000E8130 /* GroupListViewModel.swift */ = {isa = PBXFileReference; lastKnownFileType = sourcecode.swift; path = GroupListViewModel.swift; sourceTree = "<group>"; };
		4C6528392B220D3C000E8130 /* ContentViewModel.swift */ = {isa = PBXFileReference; lastKnownFileType = sourcecode.swift; path = ContentViewModel.swift; sourceTree = "<group>"; };
		4C65283B2B220D58000E8130 /* AddGroupViewModel.swift */ = {isa = PBXFileReference; lastKnownFileType = sourcecode.swift; path = AddGroupViewModel.swift; sourceTree = "<group>"; };
		4C65283D2B220D6F000E8130 /* TatekaeListViewModel.swift */ = {isa = PBXFileReference; lastKnownFileType = sourcecode.swift; path = TatekaeListViewModel.swift; sourceTree = "<group>"; };
		4C65283F2B220D80000E8130 /* AddTatekaeViewModel.swift */ = {isa = PBXFileReference; lastKnownFileType = sourcecode.swift; path = AddTatekaeViewModel.swift; sourceTree = "<group>"; };
		4C6528412B220D95000E8130 /* TatekaeDetailViewModel.swift */ = {isa = PBXFileReference; lastKnownFileType = sourcecode.swift; path = TatekaeDetailViewModel.swift; sourceTree = "<group>"; };
		4C6528432B220DA3000E8130 /* ConfirmViewModel.swift */ = {isa = PBXFileReference; lastKnownFileType = sourcecode.swift; path = ConfirmViewModel.swift; sourceTree = "<group>"; };
		4C6528452B220DB3000E8130 /* RouletteViewModel.swift */ = {isa = PBXFileReference; lastKnownFileType = sourcecode.swift; path = RouletteViewModel.swift; sourceTree = "<group>"; };
		4C6528472B220DC9000E8130 /* RouletteResultViewModel.swift */ = {isa = PBXFileReference; lastKnownFileType = sourcecode.swift; path = RouletteResultViewModel.swift; sourceTree = "<group>"; };
		4C6528492B220DD9000E8130 /* SeisanResultViewModel.swift */ = {isa = PBXFileReference; lastKnownFileType = sourcecode.swift; path = SeisanResultViewModel.swift; sourceTree = "<group>"; };
		4C65284B2B220DEB000E8130 /* ArchiveViewModel.swift */ = {isa = PBXFileReference; lastKnownFileType = sourcecode.swift; path = ArchiveViewModel.swift; sourceTree = "<group>"; };
		4CA486302B206001009231FA /* AddButton.swift */ = {isa = PBXFileReference; lastKnownFileType = sourcecode.swift; path = AddButton.swift; sourceTree = "<group>"; };
		69D8F3E52B1E011A00B24D4E /* ConfirmView.swift */ = {isa = PBXFileReference; lastKnownFileType = sourcecode.swift; path = ConfirmView.swift; sourceTree = "<group>"; };
		69D8F3E92B1F478500B24D4E /* RouletteView.swift */ = {isa = PBXFileReference; lastKnownFileType = sourcecode.swift; path = RouletteView.swift; sourceTree = "<group>"; };
		69D8F3EB2B1F4AC100B24D4E /* RouletteResultView.swift */ = {isa = PBXFileReference; lastKnownFileType = sourcecode.swift; path = RouletteResultView.swift; sourceTree = "<group>"; };
		69D8F3ED2B1F4ACE00B24D4E /* SeisanResultView.swift */ = {isa = PBXFileReference; lastKnownFileType = sourcecode.swift; path = SeisanResultView.swift; sourceTree = "<group>"; };
		A600912E2B2298B6005C6535 /* ArchivedWarikanGroup.swift */ = {isa = PBXFileReference; lastKnownFileType = sourcecode.swift; path = ArchivedWarikanGroup.swift; sourceTree = "<group>"; };
		A60091302B229D67005C6535 /* ArchivedWarikanGroupRepositoryProtocol.swift */ = {isa = PBXFileReference; lastKnownFileType = sourcecode.swift; path = ArchivedWarikanGroupRepositoryProtocol.swift; sourceTree = "<group>"; };
		A60091322B22A05D005C6535 /* WarikanGroupArchiveController.swift */ = {isa = PBXFileReference; lastKnownFileType = sourcecode.swift; path = WarikanGroupArchiveController.swift; sourceTree = "<group>"; };
		A60091342B22B857005C6535 /* ArchivedWarikanGroupUseCase.swift */ = {isa = PBXFileReference; lastKnownFileType = sourcecode.swift; path = ArchivedWarikanGroupUseCase.swift; sourceTree = "<group>"; };
		A627DBB32B25F36200F1C451 /* RouletteTests.xctest */ = {isa = PBXFileReference; explicitFileType = wrapper.cfbundle; includeInIndex = 0; path = RouletteTests.xctest; sourceTree = BUILT_PRODUCTS_DIR; };
		A627DBBC2B25F37800F1C451 /* SeisanCalculatorTests.swift */ = {isa = PBXFileReference; lastKnownFileType = sourcecode.swift; path = SeisanCalculatorTests.swift; sourceTree = "<group>"; };
		A67FE3192B1337FA00E10FFB /* SeisanCalculator.swift */ = {isa = PBXFileReference; lastKnownFileType = sourcecode.swift; path = SeisanCalculator.swift; sourceTree = "<group>"; };
		A67FE31C2B1338A900E10FFB /* Extensions.swift */ = {isa = PBXFileReference; lastKnownFileType = sourcecode.swift; path = Extensions.swift; sourceTree = "<group>"; };
		A67FE3232B14657400E10FFB /* WarikanGroupUseCase.swift */ = {isa = PBXFileReference; lastKnownFileType = sourcecode.swift; path = WarikanGroupUseCase.swift; sourceTree = "<group>"; };
		A67FE32A2B14778900E10FFB /* WarikanGroupRepository.swift */ = {isa = PBXFileReference; lastKnownFileType = sourcecode.swift; path = WarikanGroupRepository.swift; sourceTree = "<group>"; };
		A67FE32C2B1549F300E10FFB /* WarikanGroupRepositoryProtocol.swift */ = {isa = PBXFileReference; lastKnownFileType = sourcecode.swift; path = WarikanGroupRepositoryProtocol.swift; sourceTree = "<group>"; };
		A67FE32E2B154B5C00E10FFB /* InMemoryWarikanGroupRepository.swift */ = {isa = PBXFileReference; lastKnownFileType = sourcecode.swift; path = InMemoryWarikanGroupRepository.swift; sourceTree = "<group>"; };
		A67FE33D2B19679400E10FFB /* Seisan.swift */ = {isa = PBXFileReference; lastKnownFileType = sourcecode.swift; path = Seisan.swift; sourceTree = "<group>"; };
		A67FE33F2B1C345D00E10FFB /* EntityID.swift */ = {isa = PBXFileReference; lastKnownFileType = sourcecode.swift; path = EntityID.swift; sourceTree = "<group>"; };
		A67FE3452B1C651E00E10FFB /* MemberRepositoryProtocol.swift */ = {isa = PBXFileReference; lastKnownFileType = sourcecode.swift; path = MemberRepositoryProtocol.swift; sourceTree = "<group>"; };
		A67FE3472B1C656500E10FFB /* MemberUseCase.swift */ = {isa = PBXFileReference; lastKnownFileType = sourcecode.swift; path = MemberUseCase.swift; sourceTree = "<group>"; };
		A67FE3502B1C906D00E10FFB /* TatekaeRepositoryProtocol.swift */ = {isa = PBXFileReference; lastKnownFileType = sourcecode.swift; path = TatekaeRepositoryProtocol.swift; sourceTree = "<group>"; };
		A67FE3522B1C923A00E10FFB /* TatekaeUseCase.swift */ = {isa = PBXFileReference; lastKnownFileType = sourcecode.swift; path = TatekaeUseCase.swift; sourceTree = "<group>"; };
		A67FE3542B1C98D700E10FFB /* InMemoryMemberRepository.swift */ = {isa = PBXFileReference; lastKnownFileType = sourcecode.swift; path = InMemoryMemberRepository.swift; sourceTree = "<group>"; };
		A67FE3562B1C98F600E10FFB /* InMemoryTatekaeRepository.swift */ = {isa = PBXFileReference; lastKnownFileType = sourcecode.swift; path = InMemoryTatekaeRepository.swift; sourceTree = "<group>"; };
		A67FE3582B1C9A8B00E10FFB /* ValidationError.swift */ = {isa = PBXFileReference; lastKnownFileType = sourcecode.swift; path = ValidationError.swift; sourceTree = "<group>"; };
		A67FE35A2B1CA2F300E10FFB /* DebtState.swift */ = {isa = PBXFileReference; lastKnownFileType = sourcecode.swift; path = DebtState.swift; sourceTree = "<group>"; };
		A67FE35E2B21D1A600E10FFB /* MemberRepository.swift */ = {isa = PBXFileReference; lastKnownFileType = sourcecode.swift; path = MemberRepository.swift; sourceTree = "<group>"; };
		A67FE3602B21D4D000E10FFB /* TatekaeRepository.swift */ = {isa = PBXFileReference; lastKnownFileType = sourcecode.swift; path = TatekaeRepository.swift; sourceTree = "<group>"; };
		A695B6172B34555D0059B78D /* SeisanData.swift */ = {isa = PBXFileReference; lastKnownFileType = sourcecode.swift; path = SeisanData.swift; sourceTree = "<group>"; };
		A695B61C2B345A000059B78D /* ArchivedWarikanGroupData.swift */ = {isa = PBXFileReference; lastKnownFileType = sourcecode.swift; path = ArchivedWarikanGroupData.swift; sourceTree = "<group>"; };
		A695B6202B34633C0059B78D /* MapToDataExtensions.swift */ = {isa = PBXFileReference; lastKnownFileType = sourcecode.swift; path = MapToDataExtensions.swift; sourceTree = "<group>"; };
		A695B6272B3475050059B78D /* MapToEntityExtensions.swift */ = {isa = PBXFileReference; lastKnownFileType = sourcecode.swift; path = MapToEntityExtensions.swift; sourceTree = "<group>"; };
/* End PBXFileReference section */

/* Begin PBXFrameworksBuildPhase section */
		4C228ACA2AFA861B00FE4F35 /* Frameworks */ = {
			isa = PBXFrameworksBuildPhase;
			buildActionMask = 2147483647;
			files = (
			);
			runOnlyForDeploymentPostprocessing = 0;
		};
		A627DBB02B25F36200F1C451 /* Frameworks */ = {
			isa = PBXFrameworksBuildPhase;
			buildActionMask = 2147483647;
			files = (
			);
			runOnlyForDeploymentPostprocessing = 0;
		};
/* End PBXFrameworksBuildPhase section */

/* Begin PBXGroup section */
		4C228AC42AFA861B00FE4F35 = {
			isa = PBXGroup;
			children = (
				4C228ACF2AFA861B00FE4F35 /* Roulette */,
				A627DBB42B25F36200F1C451 /* RouletteTests */,
				4C228ACE2AFA861B00FE4F35 /* Products */,
			);
			sourceTree = "<group>";
		};
		4C228ACE2AFA861B00FE4F35 /* Products */ = {
			isa = PBXGroup;
			children = (
				4C228ACD2AFA861B00FE4F35 /* Roulette.app */,
				A627DBB32B25F36200F1C451 /* RouletteTests.xctest */,
			);
			name = Products;
			sourceTree = "<group>";
		};
		4C228ACF2AFA861B00FE4F35 /* Roulette */ = {
			isa = PBXGroup;
			children = (
				4C3EB2C62B1DE46B00423444 /* Views */,
				4C6528362B220CC3000E8130 /* ViewModels */,
				4C2518052B120FD200965D43 /* Model */,
				A67FE31B2B13387C00E10FFB /* Util */,
				4C228AD02AFA861B00FE4F35 /* RouletteApp.swift */,
				4C228AD42AFA861D00FE4F35 /* Assets.xcassets */,
				4C228AD62AFA861D00FE4F35 /* Preview Content */,
			);
			path = Roulette;
			sourceTree = "<group>";
		};
		4C228AD62AFA861D00FE4F35 /* Preview Content */ = {
			isa = PBXGroup;
			children = (
				4C228AD72AFA861D00FE4F35 /* Preview Assets.xcassets */,
			);
			path = "Preview Content";
			sourceTree = "<group>";
		};
		4C2518052B120FD200965D43 /* Model */ = {
			isa = PBXGroup;
			children = (
				4C65282C2B220879000E8130 /* Error */,
				4C65282E2B22088D000E8130 /* UseCase */,
				4C65282F2B2208A0000E8130 /* Repository */,
			);
			path = Model;
			sourceTree = "<group>";
		};
		4C3EB2C62B1DE46B00423444 /* Views */ = {
			isa = PBXGroup;
			children = (
				4C3EB2CB2B1DE63600423444 /* ViewRouter.swift */,
				4C6528292B2201FF000E8130 /* ViewComponents */,
				4C6528282B2201E3000E8130 /* ViewModifiers */,
				4C228AD22AFA861B00FE4F35 /* ContentView.swift */,
				4C3EB2C72B1DE4A600423444 /* GroupListView.swift */,
				4C3EB2CD2B1DEA9F00423444 /* AddGroupView.swift */,
				4C3EB2CF2B1DEE5100423444 /* TatekaeListView.swift */,
				4C1C38E52B1E0B7E00839663 /* AddTatekaeView.swift */,
				4C1C38E72B1F01BF00839663 /* TatekaeDetailView.swift */,
				69D8F3E52B1E011A00B24D4E /* ConfirmView.swift */,
				69D8F3E92B1F478500B24D4E /* RouletteView.swift */,
				69D8F3EB2B1F4AC100B24D4E /* RouletteResultView.swift */,
				69D8F3ED2B1F4ACE00B24D4E /* SeisanResultView.swift */,
				4C3EB2C92B1DE4CA00423444 /* ArchiveView.swift */,
				4C30C3722B2AF8400040F9B2 /* ArchivedSeisanResultView.swift */,
			);
			path = Views;
			sourceTree = "<group>";
		};
		4C6528282B2201E3000E8130 /* ViewModifiers */ = {
			isa = PBXGroup;
			children = (
				4C65282A2B220231000E8130 /* LongStyle.swift */,
			);
			path = ViewModifiers;
			sourceTree = "<group>";
		};
		4C6528292B2201FF000E8130 /* ViewComponents */ = {
			isa = PBXGroup;
			children = (
				4CA486302B206001009231FA /* AddButton.swift */,
			);
			path = ViewComponents;
			sourceTree = "<group>";
		};
		4C65282C2B220879000E8130 /* Error */ = {
			isa = PBXGroup;
			children = (
				A67FE3582B1C9A8B00E10FFB /* ValidationError.swift */,
			);
			path = Error;
			sourceTree = "<group>";
		};
		4C65282E2B22088D000E8130 /* UseCase */ = {
			isa = PBXGroup;
			children = (
				A695B6162B3455030059B78D /* DTO */,
				A695B6222B3463430059B78D /* Extension */,
				A67FE3232B14657400E10FFB /* WarikanGroupUseCase.swift */,
				A67FE3472B1C656500E10FFB /* MemberUseCase.swift */,
				A67FE3522B1C923A00E10FFB /* TatekaeUseCase.swift */,
				4C6528302B2208C4000E8130 /* SeisanCalculator */,
				A60091322B22A05D005C6535 /* WarikanGroupArchiveController.swift */,
				A60091342B22B857005C6535 /* ArchivedWarikanGroupUseCase.swift */,
			);
			path = UseCase;
			sourceTree = "<group>";
		};
		4C65282F2B2208A0000E8130 /* Repository */ = {
			isa = PBXGroup;
			children = (
				A67FE33F2B1C345D00E10FFB /* EntityID.swift */,
				4C6528312B2208DB000E8130 /* WarikanGroup */,
				A600912D2B229888005C6535 /* ArchivedWarikanGroup */,
				4C6528322B2208EC000E8130 /* Member */,
				4C6528332B2208F5000E8130 /* Tatekae */,
			);
			path = Repository;
			sourceTree = "<group>";
		};
		4C6528302B2208C4000E8130 /* SeisanCalculator */ = {
			isa = PBXGroup;
			children = (
				A67FE3192B1337FA00E10FFB /* SeisanCalculator.swift */,
				A67FE35A2B1CA2F300E10FFB /* DebtState.swift */,
			);
			path = SeisanCalculator;
			sourceTree = "<group>";
		};
		4C6528312B2208DB000E8130 /* WarikanGroup */ = {
			isa = PBXGroup;
			children = (
				4C25180B2B12108000965D43 /* WarikanGroup.swift */,
				A67FE32C2B1549F300E10FFB /* WarikanGroupRepositoryProtocol.swift */,
				A67FE32A2B14778900E10FFB /* WarikanGroupRepository.swift */,
				A67FE32E2B154B5C00E10FFB /* InMemoryWarikanGroupRepository.swift */,
			);
			path = WarikanGroup;
			sourceTree = "<group>";
		};
		4C6528322B2208EC000E8130 /* Member */ = {
			isa = PBXGroup;
			children = (
				4C2518082B12104900965D43 /* Member.swift */,
				A67FE3452B1C651E00E10FFB /* MemberRepositoryProtocol.swift */,
				A67FE35E2B21D1A600E10FFB /* MemberRepository.swift */,
				A67FE3562B1C98F600E10FFB /* InMemoryTatekaeRepository.swift */,
			);
			path = Member;
			sourceTree = "<group>";
		};
		4C6528332B2208F5000E8130 /* Tatekae */ = {
			isa = PBXGroup;
			children = (
				4C25180D2B12108D00965D43 /* Tatekae.swift */,
				A67FE3502B1C906D00E10FFB /* TatekaeRepositoryProtocol.swift */,
				A67FE3602B21D4D000E10FFB /* TatekaeRepository.swift */,
				A67FE3542B1C98D700E10FFB /* InMemoryMemberRepository.swift */,
			);
			path = Tatekae;
			sourceTree = "<group>";
		};
		4C6528362B220CC3000E8130 /* ViewModels */ = {
			isa = PBXGroup;
			children = (
				4C6528392B220D3C000E8130 /* ContentViewModel.swift */,
				4C6528372B220D01000E8130 /* GroupListViewModel.swift */,
				4C65283B2B220D58000E8130 /* AddGroupViewModel.swift */,
				4C65283D2B220D6F000E8130 /* TatekaeListViewModel.swift */,
				4C65283F2B220D80000E8130 /* AddTatekaeViewModel.swift */,
				4C6528412B220D95000E8130 /* TatekaeDetailViewModel.swift */,
				4C6528432B220DA3000E8130 /* ConfirmViewModel.swift */,
				4C6528452B220DB3000E8130 /* RouletteViewModel.swift */,
				4C6528472B220DC9000E8130 /* RouletteResultViewModel.swift */,
				4C6528492B220DD9000E8130 /* SeisanResultViewModel.swift */,
				4C65284B2B220DEB000E8130 /* ArchiveViewModel.swift */,
			);
			path = ViewModels;
			sourceTree = "<group>";
		};
		A600912D2B229888005C6535 /* ArchivedWarikanGroup */ = {
			isa = PBXGroup;
			children = (
				A600912E2B2298B6005C6535 /* ArchivedWarikanGroup.swift */,
				A67FE33D2B19679400E10FFB /* Seisan.swift */,
				A60091302B229D67005C6535 /* ArchivedWarikanGroupRepositoryProtocol.swift */,
			);
			path = ArchivedWarikanGroup;
			sourceTree = "<group>";
		};
		A627DBB42B25F36200F1C451 /* RouletteTests */ = {
			isa = PBXGroup;
			children = (
				A627DBBC2B25F37800F1C451 /* SeisanCalculatorTests.swift */,
			);
			path = RouletteTests;
			sourceTree = "<group>";
		};
		A67FE31B2B13387C00E10FFB /* Util */ = {
			isa = PBXGroup;
			children = (
				A67FE31C2B1338A900E10FFB /* Extensions.swift */,
			);
			path = Util;
			sourceTree = "<group>";
		};
		A695B6162B3455030059B78D /* DTO */ = {
			isa = PBXGroup;
			children = (
				A695B6172B34555D0059B78D /* SeisanData.swift */,
				A695B61C2B345A000059B78D /* ArchivedWarikanGroupData.swift */,
			);
			path = DTO;
			sourceTree = "<group>";
		};
		A695B6222B3463430059B78D /* Extension */ = {
			isa = PBXGroup;
			children = (
				A695B6202B34633C0059B78D /* MapToDataExtensions.swift */,
				A695B6272B3475050059B78D /* MapToEntityExtensions.swift */,
			);
			path = Extension;
			sourceTree = "<group>";
		};
/* End PBXGroup section */

/* Begin PBXNativeTarget section */
		4C228ACC2AFA861B00FE4F35 /* Roulette */ = {
			isa = PBXNativeTarget;
			buildConfigurationList = 4C228ADB2AFA861D00FE4F35 /* Build configuration list for PBXNativeTarget "Roulette" */;
			buildPhases = (
				4C228AC92AFA861B00FE4F35 /* Sources */,
				4C228ACA2AFA861B00FE4F35 /* Frameworks */,
				4C228ACB2AFA861B00FE4F35 /* Resources */,
			);
			buildRules = (
			);
			dependencies = (
				A6F4CFE12B31C5040056502A /* PBXTargetDependency */,
			);
			name = Roulette;
			packageProductDependencies = (
			);
			productName = Roulette;
			productReference = 4C228ACD2AFA861B00FE4F35 /* Roulette.app */;
			productType = "com.apple.product-type.application";
		};
		A627DBB22B25F36200F1C451 /* RouletteTests */ = {
			isa = PBXNativeTarget;
			buildConfigurationList = A627DBBB2B25F36200F1C451 /* Build configuration list for PBXNativeTarget "RouletteTests" */;
			buildPhases = (
				A627DBAF2B25F36200F1C451 /* Sources */,
				A627DBB02B25F36200F1C451 /* Frameworks */,
				A627DBB12B25F36200F1C451 /* Resources */,
			);
			buildRules = (
			);
			dependencies = (
				A627DBB82B25F36200F1C451 /* PBXTargetDependency */,
			);
			name = RouletteTests;
			productName = RouletteTests;
			productReference = A627DBB32B25F36200F1C451 /* RouletteTests.xctest */;
			productType = "com.apple.product-type.bundle.unit-test";
		};
/* End PBXNativeTarget section */

/* Begin PBXProject section */
		4C228AC52AFA861B00FE4F35 /* Project object */ = {
			isa = PBXProject;
			attributes = {
				BuildIndependentTargetsInParallel = 1;
				LastSwiftUpdateCheck = 1500;
				LastUpgradeCheck = 1500;
				TargetAttributes = {
					4C228ACC2AFA861B00FE4F35 = {
						CreatedOnToolsVersion = 15.0.1;
					};
					A627DBB22B25F36200F1C451 = {
						CreatedOnToolsVersion = 15.0;
						TestTargetID = 4C228ACC2AFA861B00FE4F35;
					};
				};
			};
			buildConfigurationList = 4C228AC82AFA861B00FE4F35 /* Build configuration list for PBXProject "Roulette" */;
			compatibilityVersion = "Xcode 14.0";
			developmentRegion = en;
			hasScannedForEncodings = 0;
			knownRegions = (
				en,
				Base,
			);
			mainGroup = 4C228AC42AFA861B00FE4F35;
			packageReferences = (
				A6F4CFDF2B31C4E70056502A /* XCRemoteSwiftPackageReference "SwiftLint" */,
			);
			productRefGroup = 4C228ACE2AFA861B00FE4F35 /* Products */;
			projectDirPath = "";
			projectRoot = "";
			targets = (
				4C228ACC2AFA861B00FE4F35 /* Roulette */,
				A627DBB22B25F36200F1C451 /* RouletteTests */,
			);
		};
/* End PBXProject section */

/* Begin PBXResourcesBuildPhase section */
		4C228ACB2AFA861B00FE4F35 /* Resources */ = {
			isa = PBXResourcesBuildPhase;
			buildActionMask = 2147483647;
			files = (
				4C228AD82AFA861D00FE4F35 /* Preview Assets.xcassets in Resources */,
				4C228AD52AFA861D00FE4F35 /* Assets.xcassets in Resources */,
			);
			runOnlyForDeploymentPostprocessing = 0;
		};
		A627DBB12B25F36200F1C451 /* Resources */ = {
			isa = PBXResourcesBuildPhase;
			buildActionMask = 2147483647;
			files = (
			);
			runOnlyForDeploymentPostprocessing = 0;
		};
/* End PBXResourcesBuildPhase section */

/* Begin PBXSourcesBuildPhase section */
		4C228AC92AFA861B00FE4F35 /* Sources */ = {
			isa = PBXSourcesBuildPhase;
			buildActionMask = 2147483647;
			files = (
				A67FE32F2B154B5C00E10FFB /* InMemoryWarikanGroupRepository.swift in Sources */,
				69D8F3E62B1E011A00B24D4E /* ConfirmView.swift in Sources */,
				A60091312B229D67005C6535 /* ArchivedWarikanGroupRepositoryProtocol.swift in Sources */,
				4C25180E2B12108D00965D43 /* Tatekae.swift in Sources */,
				A695B6212B34633C0059B78D /* MapToDataExtensions.swift in Sources */,
				A67FE3592B1C9A8B00E10FFB /* ValidationError.swift in Sources */,
				4C228AD32AFA861B00FE4F35 /* ContentView.swift in Sources */,
				4C6528382B220D01000E8130 /* GroupListViewModel.swift in Sources */,
				A67FE32B2B14778900E10FFB /* WarikanGroupRepository.swift in Sources */,
				A67FE3482B1C656500E10FFB /* MemberUseCase.swift in Sources */,
				4C3EB2CA2B1DE4CA00423444 /* ArchiveView.swift in Sources */,
				4C1C38E82B1F01BF00839663 /* TatekaeDetailView.swift in Sources */,
				4C6528482B220DC9000E8130 /* RouletteResultViewModel.swift in Sources */,
				4C6528462B220DB3000E8130 /* RouletteViewModel.swift in Sources */,
				A67FE3242B14657400E10FFB /* WarikanGroupUseCase.swift in Sources */,
				A67FE3462B1C651E00E10FFB /* MemberRepositoryProtocol.swift in Sources */,
				4C65283A2B220D3C000E8130 /* ContentViewModel.swift in Sources */,
				A67FE3512B1C906D00E10FFB /* TatekaeRepositoryProtocol.swift in Sources */,
				69D8F3EA2B1F478500B24D4E /* RouletteView.swift in Sources */,
				4C228AD12AFA861B00FE4F35 /* RouletteApp.swift in Sources */,
				4C3EB2CC2B1DE63600423444 /* ViewRouter.swift in Sources */,
				A60091332B22A05D005C6535 /* WarikanGroupArchiveController.swift in Sources */,
				4C6528422B220D95000E8130 /* TatekaeDetailViewModel.swift in Sources */,
				A67FE35F2B21D1A600E10FFB /* MemberRepository.swift in Sources */,
				A695B6182B34555D0059B78D /* SeisanData.swift in Sources */,
				A67FE35B2B1CA2F300E10FFB /* DebtState.swift in Sources */,
				4C65282B2B220231000E8130 /* LongStyle.swift in Sources */,
				4C65283E2B220D6F000E8130 /* TatekaeListViewModel.swift in Sources */,
				A67FE3402B1C345D00E10FFB /* EntityID.swift in Sources */,
				A60091352B22B857005C6535 /* ArchivedWarikanGroupUseCase.swift in Sources */,
				4C30C3732B2AF8400040F9B2 /* ArchivedSeisanResultView.swift in Sources */,
				A67FE3532B1C923A00E10FFB /* TatekaeUseCase.swift in Sources */,
				4C6528402B220D80000E8130 /* AddTatekaeViewModel.swift in Sources */,
				4C1C38E62B1E0B7E00839663 /* AddTatekaeView.swift in Sources */,
				A67FE33E2B19679400E10FFB /* Seisan.swift in Sources */,
				4C3EB2D02B1DEE5100423444 /* TatekaeListView.swift in Sources */,
				A67FE31A2B1337FA00E10FFB /* SeisanCalculator.swift in Sources */,
				4C25180C2B12108000965D43 /* WarikanGroup.swift in Sources */,
				A67FE3612B21D4D100E10FFB /* TatekaeRepository.swift in Sources */,
				4C3EB2CE2B1DEA9F00423444 /* AddGroupView.swift in Sources */,
				4C6528442B220DA3000E8130 /* ConfirmViewModel.swift in Sources */,
				A67FE3552B1C98D700E10FFB /* InMemoryMemberRepository.swift in Sources */,
				4CA486312B206001009231FA /* AddButton.swift in Sources */,
				A600912F2B2298B6005C6535 /* ArchivedWarikanGroup.swift in Sources */,
				A695B6282B3475050059B78D /* MapToEntityExtensions.swift in Sources */,
				69D8F3EC2B1F4AC100B24D4E /* RouletteResultView.swift in Sources */,
				4C65284C2B220DEB000E8130 /* ArchiveViewModel.swift in Sources */,
				A67FE31D2B1338A900E10FFB /* Extensions.swift in Sources */,
				4C2518092B12104900965D43 /* Member.swift in Sources */,
				4C65284A2B220DD9000E8130 /* SeisanResultViewModel.swift in Sources */,
				A67FE32D2B1549F300E10FFB /* WarikanGroupRepositoryProtocol.swift in Sources */,
				4C65283C2B220D58000E8130 /* AddGroupViewModel.swift in Sources */,
				4C3EB2C82B1DE4A600423444 /* GroupListView.swift in Sources */,
				69D8F3EE2B1F4ACE00B24D4E /* SeisanResultView.swift in Sources */,
				A67FE3572B1C98F600E10FFB /* InMemoryTatekaeRepository.swift in Sources */,
				A695B61D2B345A000059B78D /* ArchivedWarikanGroupData.swift in Sources */,
			);
			runOnlyForDeploymentPostprocessing = 0;
		};
		A627DBAF2B25F36200F1C451 /* Sources */ = {
			isa = PBXSourcesBuildPhase;
			buildActionMask = 2147483647;
			files = (
				A627DBBD2B25F37800F1C451 /* SeisanCalculatorTests.swift in Sources */,
			);
			runOnlyForDeploymentPostprocessing = 0;
		};
/* End PBXSourcesBuildPhase section */

/* Begin PBXTargetDependency section */
		A627DBB82B25F36200F1C451 /* PBXTargetDependency */ = {
			isa = PBXTargetDependency;
			target = 4C228ACC2AFA861B00FE4F35 /* Roulette */;
			targetProxy = A627DBB72B25F36200F1C451 /* PBXContainerItemProxy */;
		};
		A6F4CFE12B31C5040056502A /* PBXTargetDependency */ = {
			isa = PBXTargetDependency;
			productRef = A6F4CFE02B31C5040056502A /* SwiftLintPlugin */;
		};
/* End PBXTargetDependency section */

/* Begin XCBuildConfiguration section */
		4C228AD92AFA861D00FE4F35 /* Debug */ = {
			isa = XCBuildConfiguration;
			buildSettings = {
				ALWAYS_SEARCH_USER_PATHS = NO;
				ASSETCATALOG_COMPILER_GENERATE_SWIFT_ASSET_SYMBOL_EXTENSIONS = YES;
				CLANG_ANALYZER_NONNULL = YES;
				CLANG_ANALYZER_NUMBER_OBJECT_CONVERSION = YES_AGGRESSIVE;
				CLANG_CXX_LANGUAGE_STANDARD = "gnu++20";
				CLANG_ENABLE_MODULES = YES;
				CLANG_ENABLE_OBJC_ARC = YES;
				CLANG_ENABLE_OBJC_WEAK = YES;
				CLANG_WARN_BLOCK_CAPTURE_AUTORELEASING = YES;
				CLANG_WARN_BOOL_CONVERSION = YES;
				CLANG_WARN_COMMA = YES;
				CLANG_WARN_CONSTANT_CONVERSION = YES;
				CLANG_WARN_DEPRECATED_OBJC_IMPLEMENTATIONS = YES;
				CLANG_WARN_DIRECT_OBJC_ISA_USAGE = YES_ERROR;
				CLANG_WARN_DOCUMENTATION_COMMENTS = YES;
				CLANG_WARN_EMPTY_BODY = YES;
				CLANG_WARN_ENUM_CONVERSION = YES;
				CLANG_WARN_INFINITE_RECURSION = YES;
				CLANG_WARN_INT_CONVERSION = YES;
				CLANG_WARN_NON_LITERAL_NULL_CONVERSION = YES;
				CLANG_WARN_OBJC_IMPLICIT_RETAIN_SELF = YES;
				CLANG_WARN_OBJC_LITERAL_CONVERSION = YES;
				CLANG_WARN_OBJC_ROOT_CLASS = YES_ERROR;
				CLANG_WARN_QUOTED_INCLUDE_IN_FRAMEWORK_HEADER = YES;
				CLANG_WARN_RANGE_LOOP_ANALYSIS = YES;
				CLANG_WARN_STRICT_PROTOTYPES = YES;
				CLANG_WARN_SUSPICIOUS_MOVE = YES;
				CLANG_WARN_UNGUARDED_AVAILABILITY = YES_AGGRESSIVE;
				CLANG_WARN_UNREACHABLE_CODE = YES;
				CLANG_WARN__DUPLICATE_METHOD_MATCH = YES;
				COPY_PHASE_STRIP = NO;
				DEBUG_INFORMATION_FORMAT = dwarf;
				ENABLE_STRICT_OBJC_MSGSEND = YES;
				ENABLE_TESTABILITY = YES;
				ENABLE_USER_SCRIPT_SANDBOXING = YES;
				GCC_C_LANGUAGE_STANDARD = gnu17;
				GCC_DYNAMIC_NO_PIC = NO;
				GCC_NO_COMMON_BLOCKS = YES;
				GCC_OPTIMIZATION_LEVEL = 0;
				GCC_PREPROCESSOR_DEFINITIONS = (
					"DEBUG=1",
					"$(inherited)",
				);
				GCC_WARN_64_TO_32_BIT_CONVERSION = YES;
				GCC_WARN_ABOUT_RETURN_TYPE = YES_ERROR;
				GCC_WARN_UNDECLARED_SELECTOR = YES;
				GCC_WARN_UNINITIALIZED_AUTOS = YES_AGGRESSIVE;
				GCC_WARN_UNUSED_FUNCTION = YES;
				GCC_WARN_UNUSED_VARIABLE = YES;
				IPHONEOS_DEPLOYMENT_TARGET = 17.0;
				LOCALIZATION_PREFERS_STRING_CATALOGS = YES;
				MTL_ENABLE_DEBUG_INFO = INCLUDE_SOURCE;
				MTL_FAST_MATH = YES;
				ONLY_ACTIVE_ARCH = YES;
				SDKROOT = iphoneos;
				SWIFT_ACTIVE_COMPILATION_CONDITIONS = "DEBUG $(inherited)";
				SWIFT_OPTIMIZATION_LEVEL = "-Onone";
			};
			name = Debug;
		};
		4C228ADA2AFA861D00FE4F35 /* Release */ = {
			isa = XCBuildConfiguration;
			buildSettings = {
				ALWAYS_SEARCH_USER_PATHS = NO;
				ASSETCATALOG_COMPILER_GENERATE_SWIFT_ASSET_SYMBOL_EXTENSIONS = YES;
				CLANG_ANALYZER_NONNULL = YES;
				CLANG_ANALYZER_NUMBER_OBJECT_CONVERSION = YES_AGGRESSIVE;
				CLANG_CXX_LANGUAGE_STANDARD = "gnu++20";
				CLANG_ENABLE_MODULES = YES;
				CLANG_ENABLE_OBJC_ARC = YES;
				CLANG_ENABLE_OBJC_WEAK = YES;
				CLANG_WARN_BLOCK_CAPTURE_AUTORELEASING = YES;
				CLANG_WARN_BOOL_CONVERSION = YES;
				CLANG_WARN_COMMA = YES;
				CLANG_WARN_CONSTANT_CONVERSION = YES;
				CLANG_WARN_DEPRECATED_OBJC_IMPLEMENTATIONS = YES;
				CLANG_WARN_DIRECT_OBJC_ISA_USAGE = YES_ERROR;
				CLANG_WARN_DOCUMENTATION_COMMENTS = YES;
				CLANG_WARN_EMPTY_BODY = YES;
				CLANG_WARN_ENUM_CONVERSION = YES;
				CLANG_WARN_INFINITE_RECURSION = YES;
				CLANG_WARN_INT_CONVERSION = YES;
				CLANG_WARN_NON_LITERAL_NULL_CONVERSION = YES;
				CLANG_WARN_OBJC_IMPLICIT_RETAIN_SELF = YES;
				CLANG_WARN_OBJC_LITERAL_CONVERSION = YES;
				CLANG_WARN_OBJC_ROOT_CLASS = YES_ERROR;
				CLANG_WARN_QUOTED_INCLUDE_IN_FRAMEWORK_HEADER = YES;
				CLANG_WARN_RANGE_LOOP_ANALYSIS = YES;
				CLANG_WARN_STRICT_PROTOTYPES = YES;
				CLANG_WARN_SUSPICIOUS_MOVE = YES;
				CLANG_WARN_UNGUARDED_AVAILABILITY = YES_AGGRESSIVE;
				CLANG_WARN_UNREACHABLE_CODE = YES;
				CLANG_WARN__DUPLICATE_METHOD_MATCH = YES;
				COPY_PHASE_STRIP = NO;
				DEBUG_INFORMATION_FORMAT = "dwarf-with-dsym";
				ENABLE_NS_ASSERTIONS = NO;
				ENABLE_STRICT_OBJC_MSGSEND = YES;
				ENABLE_USER_SCRIPT_SANDBOXING = YES;
				GCC_C_LANGUAGE_STANDARD = gnu17;
				GCC_NO_COMMON_BLOCKS = YES;
				GCC_WARN_64_TO_32_BIT_CONVERSION = YES;
				GCC_WARN_ABOUT_RETURN_TYPE = YES_ERROR;
				GCC_WARN_UNDECLARED_SELECTOR = YES;
				GCC_WARN_UNINITIALIZED_AUTOS = YES_AGGRESSIVE;
				GCC_WARN_UNUSED_FUNCTION = YES;
				GCC_WARN_UNUSED_VARIABLE = YES;
				IPHONEOS_DEPLOYMENT_TARGET = 17.0;
				LOCALIZATION_PREFERS_STRING_CATALOGS = YES;
				MTL_ENABLE_DEBUG_INFO = NO;
				MTL_FAST_MATH = YES;
				SDKROOT = iphoneos;
				SWIFT_COMPILATION_MODE = wholemodule;
				VALIDATE_PRODUCT = YES;
			};
			name = Release;
		};
		4C228ADC2AFA861D00FE4F35 /* Debug */ = {
			isa = XCBuildConfiguration;
			buildSettings = {
				ASSETCATALOG_COMPILER_APPICON_NAME = AppIcon;
				ASSETCATALOG_COMPILER_GLOBAL_ACCENT_COLOR_NAME = AccentColor;
				CODE_SIGN_STYLE = Automatic;
				CURRENT_PROJECT_VERSION = 1;
				DEVELOPMENT_ASSET_PATHS = "\"Roulette/Preview Content\"";
				DEVELOPMENT_TEAM = QJC45QJ28B;
				ENABLE_PREVIEWS = YES;
				GENERATE_INFOPLIST_FILE = YES;
				INFOPLIST_KEY_UIApplicationSceneManifest_Generation = YES;
				INFOPLIST_KEY_UIApplicationSupportsIndirectInputEvents = YES;
				INFOPLIST_KEY_UILaunchScreen_Generation = YES;
				INFOPLIST_KEY_UISupportedInterfaceOrientations_iPad = "UIInterfaceOrientationPortrait UIInterfaceOrientationPortraitUpsideDown UIInterfaceOrientationLandscapeLeft UIInterfaceOrientationLandscapeRight";
				INFOPLIST_KEY_UISupportedInterfaceOrientations_iPhone = "UIInterfaceOrientationPortrait UIInterfaceOrientationLandscapeLeft UIInterfaceOrientationLandscapeRight";
				LD_RUNPATH_SEARCH_PATHS = (
					"$(inherited)",
					"@executable_path/Frameworks",
				);
				MARKETING_VERSION = 1.0;
				PRODUCT_BUNDLE_IDENTIFIER = com.masaki.Roulette;
				PRODUCT_NAME = "$(TARGET_NAME)";
				SWIFT_EMIT_LOC_STRINGS = YES;
				SWIFT_VERSION = 5.0;
				TARGETED_DEVICE_FAMILY = "1,2";
			};
			name = Debug;
		};
		4C228ADD2AFA861D00FE4F35 /* Release */ = {
			isa = XCBuildConfiguration;
			buildSettings = {
				ASSETCATALOG_COMPILER_APPICON_NAME = AppIcon;
				ASSETCATALOG_COMPILER_GLOBAL_ACCENT_COLOR_NAME = AccentColor;
				CODE_SIGN_STYLE = Automatic;
				CURRENT_PROJECT_VERSION = 1;
				DEVELOPMENT_ASSET_PATHS = "\"Roulette/Preview Content\"";
				DEVELOPMENT_TEAM = QJC45QJ28B;
				ENABLE_PREVIEWS = YES;
				GENERATE_INFOPLIST_FILE = YES;
				INFOPLIST_KEY_UIApplicationSceneManifest_Generation = YES;
				INFOPLIST_KEY_UIApplicationSupportsIndirectInputEvents = YES;
				INFOPLIST_KEY_UILaunchScreen_Generation = YES;
				INFOPLIST_KEY_UISupportedInterfaceOrientations_iPad = "UIInterfaceOrientationPortrait UIInterfaceOrientationPortraitUpsideDown UIInterfaceOrientationLandscapeLeft UIInterfaceOrientationLandscapeRight";
				INFOPLIST_KEY_UISupportedInterfaceOrientations_iPhone = "UIInterfaceOrientationPortrait UIInterfaceOrientationLandscapeLeft UIInterfaceOrientationLandscapeRight";
				LD_RUNPATH_SEARCH_PATHS = (
					"$(inherited)",
					"@executable_path/Frameworks",
				);
				MARKETING_VERSION = 1.0;
				PRODUCT_BUNDLE_IDENTIFIER = com.masaki.Roulette;
				PRODUCT_NAME = "$(TARGET_NAME)";
				SWIFT_EMIT_LOC_STRINGS = YES;
				SWIFT_VERSION = 5.0;
				TARGETED_DEVICE_FAMILY = "1,2";
			};
			name = Release;
		};
		A627DBB92B25F36200F1C451 /* Debug */ = {
			isa = XCBuildConfiguration;
			buildSettings = {
				BUNDLE_LOADER = "$(TEST_HOST)";
				CODE_SIGN_STYLE = Automatic;
				CURRENT_PROJECT_VERSION = 1;
				DEVELOPMENT_TEAM = Q7RTLG93ZX;
				GENERATE_INFOPLIST_FILE = YES;
				MARKETING_VERSION = 1.0;
				PRODUCT_BUNDLE_IDENTIFIER = com.kakimoto.RouletteTests;
				PRODUCT_NAME = "$(TARGET_NAME)";
				SWIFT_EMIT_LOC_STRINGS = NO;
				SWIFT_VERSION = 5.0;
				TARGETED_DEVICE_FAMILY = "1,2";
				TEST_HOST = "$(BUILT_PRODUCTS_DIR)/Roulette.app/$(BUNDLE_EXECUTABLE_FOLDER_PATH)/Roulette";
			};
			name = Debug;
		};
		A627DBBA2B25F36200F1C451 /* Release */ = {
			isa = XCBuildConfiguration;
			buildSettings = {
				BUNDLE_LOADER = "$(TEST_HOST)";
				CODE_SIGN_STYLE = Automatic;
				CURRENT_PROJECT_VERSION = 1;
				DEVELOPMENT_TEAM = Q7RTLG93ZX;
				GENERATE_INFOPLIST_FILE = YES;
				MARKETING_VERSION = 1.0;
				PRODUCT_BUNDLE_IDENTIFIER = com.kakimoto.RouletteTests;
				PRODUCT_NAME = "$(TARGET_NAME)";
				SWIFT_EMIT_LOC_STRINGS = NO;
				SWIFT_VERSION = 5.0;
				TARGETED_DEVICE_FAMILY = "1,2";
				TEST_HOST = "$(BUILT_PRODUCTS_DIR)/Roulette.app/$(BUNDLE_EXECUTABLE_FOLDER_PATH)/Roulette";
			};
			name = Release;
		};
/* End XCBuildConfiguration section */

/* Begin XCConfigurationList section */
		4C228AC82AFA861B00FE4F35 /* Build configuration list for PBXProject "Roulette" */ = {
			isa = XCConfigurationList;
			buildConfigurations = (
				4C228AD92AFA861D00FE4F35 /* Debug */,
				4C228ADA2AFA861D00FE4F35 /* Release */,
			);
			defaultConfigurationIsVisible = 0;
			defaultConfigurationName = Release;
		};
		4C228ADB2AFA861D00FE4F35 /* Build configuration list for PBXNativeTarget "Roulette" */ = {
			isa = XCConfigurationList;
			buildConfigurations = (
				4C228ADC2AFA861D00FE4F35 /* Debug */,
				4C228ADD2AFA861D00FE4F35 /* Release */,
			);
			defaultConfigurationIsVisible = 0;
			defaultConfigurationName = Release;
		};
		A627DBBB2B25F36200F1C451 /* Build configuration list for PBXNativeTarget "RouletteTests" */ = {
			isa = XCConfigurationList;
			buildConfigurations = (
				A627DBB92B25F36200F1C451 /* Debug */,
				A627DBBA2B25F36200F1C451 /* Release */,
			);
			defaultConfigurationIsVisible = 0;
			defaultConfigurationName = Release;
		};
/* End XCConfigurationList section */

/* Begin XCRemoteSwiftPackageReference section */
		A6F4CFDF2B31C4E70056502A /* XCRemoteSwiftPackageReference "SwiftLint" */ = {
			isa = XCRemoteSwiftPackageReference;
			repositoryURL = "https://github.com/realm/SwiftLint";
			requirement = {
				kind = upToNextMajorVersion;
				minimumVersion = 0.54.0;
			};
		};
/* End XCRemoteSwiftPackageReference section */

/* Begin XCSwiftPackageProductDependency section */
		A6F4CFE02B31C5040056502A /* SwiftLintPlugin */ = {
			isa = XCSwiftPackageProductDependency;
			package = A6F4CFDF2B31C4E70056502A /* XCRemoteSwiftPackageReference "SwiftLint" */;
			productName = "plugin:SwiftLintPlugin";
		};
/* End XCSwiftPackageProductDependency section */
	};
	rootObject = 4C228AC52AFA861B00FE4F35 /* Project object */;
}
